// !$*UTF8*$!
{
	archiveVersion = 1;
	classes = {
	};
	objectVersion = 50;
	objects = {

/* Begin PBXBuildFile section */
		A79D473824C243A9004FAFFC /* AppDelegate.swift in Sources */ = {isa = PBXBuildFile; fileRef = A79D473724C243A9004FAFFC /* AppDelegate.swift */; };
		A79D473A24C243A9004FAFFC /* SceneDelegate.swift in Sources */ = {isa = PBXBuildFile; fileRef = A79D473924C243A9004FAFFC /* SceneDelegate.swift */; };
		A79D473C24C243A9004FAFFC /* ViewController.swift in Sources */ = {isa = PBXBuildFile; fileRef = A79D473B24C243A9004FAFFC /* ViewController.swift */; };
		A79D473F24C243A9004FAFFC /* Main.storyboard in Resources */ = {isa = PBXBuildFile; fileRef = A79D473D24C243A9004FAFFC /* Main.storyboard */; };
		A79D474124C243AC004FAFFC /* Assets.xcassets in Resources */ = {isa = PBXBuildFile; fileRef = A79D474024C243AC004FAFFC /* Assets.xcassets */; };
		A79D474424C243AC004FAFFC /* LaunchScreen.storyboard in Resources */ = {isa = PBXBuildFile; fileRef = A79D474224C243AC004FAFFC /* LaunchScreen.storyboard */; };
		A79D474F24C243AC004FAFFC /* TipperTests.swift in Sources */ = {isa = PBXBuildFile; fileRef = A79D474E24C243AC004FAFFC /* TipperTests.swift */; };
		A79D475A24C243AC004FAFFC /* TipperUITests.swift in Sources */ = {isa = PBXBuildFile; fileRef = A79D475924C243AC004FAFFC /* TipperUITests.swift */; };
/* End PBXBuildFile section */

/* Begin PBXContainerItemProxy section */
		A79D474B24C243AC004FAFFC /* PBXContainerItemProxy */ = {
			isa = PBXContainerItemProxy;
			containerPortal = A79D472C24C243A9004FAFFC /* Project object */;
			proxyType = 1;
			remoteGlobalIDString = A79D473324C243A9004FAFFC;
			remoteInfo = Tipper;
		};
		A79D475624C243AC004FAFFC /* PBXContainerItemProxy */ = {
			isa = PBXContainerItemProxy;
			containerPortal = A79D472C24C243A9004FAFFC /* Project object */;
			proxyType = 1;
			remoteGlobalIDString = A79D473324C243A9004FAFFC;
			remoteInfo = Tipper;
		};
/* End PBXContainerItemProxy section */

/* Begin PBXFileReference section */
		A79D473424C243A9004FAFFC /* Tipper.app */ = {isa = PBXFileReference; explicitFileType = wrapper.application; includeInIndex = 0; path = Tipper.app; sourceTree = BUILT_PRODUCTS_DIR; };
		A79D473724C243A9004FAFFC /* AppDelegate.swift */ = {isa = PBXFileReference; lastKnownFileType = sourcecode.swift; path = AppDelegate.swift; sourceTree = "<group>"; };
		A79D473924C243A9004FAFFC /* SceneDelegate.swift */ = {isa = PBXFileReference; lastKnownFileType = sourcecode.swift; path = SceneDelegate.swift; sourceTree = "<group>"; };
		A79D473B24C243A9004FAFFC /* ViewController.swift */ = {isa = PBXFileReference; lastKnownFileType = sourcecode.swift; path = ViewController.swift; sourceTree = "<group>"; };
		A79D473E24C243A9004FAFFC /* Base */ = {isa = PBXFileReference; lastKnownFileType = file.storyboard; name = Base; path = Base.lproj/Main.storyboard; sourceTree = "<group>"; };
		A79D474024C243AC004FAFFC /* Assets.xcassets */ = {isa = PBXFileReference; lastKnownFileType = folder.assetcatalog; path = Assets.xcassets; sourceTree = "<group>"; };
		A79D474324C243AC004FAFFC /* Base */ = {isa = PBXFileReference; lastKnownFileType = file.storyboard; name = Base; path = Base.lproj/LaunchScreen.storyboard; sourceTree = "<group>"; };
		A79D474524C243AC004FAFFC /* Info.plist */ = {isa = PBXFileReference; lastKnownFileType = text.plist.xml; path = Info.plist; sourceTree = "<group>"; };
		A79D474A24C243AC004FAFFC /* TipperTests.xctest */ = {isa = PBXFileReference; explicitFileType = wrapper.cfbundle; includeInIndex = 0; path = TipperTests.xctest; sourceTree = BUILT_PRODUCTS_DIR; };
		A79D474E24C243AC004FAFFC /* TipperTests.swift */ = {isa = PBXFileReference; lastKnownFileType = sourcecode.swift; path = TipperTests.swift; sourceTree = "<group>"; };
		A79D475024C243AC004FAFFC /* Info.plist */ = {isa = PBXFileReference; lastKnownFileType = text.plist.xml; path = Info.plist; sourceTree = "<group>"; };
		A79D475524C243AC004FAFFC /* TipperUITests.xctest */ = {isa = PBXFileReference; explicitFileType = wrapper.cfbundle; includeInIndex = 0; path = TipperUITests.xctest; sourceTree = BUILT_PRODUCTS_DIR; };
		A79D475924C243AC004FAFFC /* TipperUITests.swift */ = {isa = PBXFileReference; lastKnownFileType = sourcecode.swift; path = TipperUITests.swift; sourceTree = "<group>"; };
		A79D475B24C243AC004FAFFC /* Info.plist */ = {isa = PBXFileReference; lastKnownFileType = text.plist.xml; path = Info.plist; sourceTree = "<group>"; };
/* End PBXFileReference section */

/* Begin PBXFrameworksBuildPhase section */
		A79D473124C243A9004FAFFC /* Frameworks */ = {
			isa = PBXFrameworksBuildPhase;
			buildActionMask = 2147483647;
			files = (
			);
			runOnlyForDeploymentPostprocessing = 0;
		};
		A79D474724C243AC004FAFFC /* Frameworks */ = {
			isa = PBXFrameworksBuildPhase;
			buildActionMask = 2147483647;
			files = (
			);
			runOnlyForDeploymentPostprocessing = 0;
		};
		A79D475224C243AC004FAFFC /* Frameworks */ = {
			isa = PBXFrameworksBuildPhase;
			buildActionMask = 2147483647;
			files = (
			);
			runOnlyForDeploymentPostprocessing = 0;
		};
/* End PBXFrameworksBuildPhase section */

/* Begin PBXGroup section */
		A79D472B24C243A9004FAFFC = {
			isa = PBXGroup;
			children = (
				A79D473624C243A9004FAFFC /* Tipper */,
				A79D474D24C243AC004FAFFC /* TipperTests */,
				A79D475824C243AC004FAFFC /* TipperUITests */,
				A79D473524C243A9004FAFFC /* Products */,
			);
			sourceTree = "<group>";
		};
		A79D473524C243A9004FAFFC /* Products */ = {
			isa = PBXGroup;
			children = (
				A79D473424C243A9004FAFFC /* Tipper.app */,
				A79D474A24C243AC004FAFFC /* TipperTests.xctest */,
				A79D475524C243AC004FAFFC /* TipperUITests.xctest */,
			);
			name = Products;
			sourceTree = "<group>";
		};
		A79D473624C243A9004FAFFC /* Tipper */ = {
			isa = PBXGroup;
			children = (
				A79D473724C243A9004FAFFC /* AppDelegate.swift */,
				A79D473924C243A9004FAFFC /* SceneDelegate.swift */,
				A79D473B24C243A9004FAFFC /* ViewController.swift */,
				A79D473D24C243A9004FAFFC /* Main.storyboard */,
				A79D474024C243AC004FAFFC /* Assets.xcassets */,
				A79D474224C243AC004FAFFC /* LaunchScreen.storyboard */,
				A79D474524C243AC004FAFFC /* Info.plist */,
			);
			path = Tipper;
			sourceTree = "<group>";
		};
		A79D474D24C243AC004FAFFC /* TipperTests */ = {
			isa = PBXGroup;
			children = (
				A79D474E24C243AC004FAFFC /* TipperTests.swift */,
				A79D475024C243AC004FAFFC /* Info.plist */,
			);
			path = TipperTests;
			sourceTree = "<group>";
		};
		A79D475824C243AC004FAFFC /* TipperUITests */ = {
			isa = PBXGroup;
			children = (
				A79D475924C243AC004FAFFC /* TipperUITests.swift */,
				A79D475B24C243AC004FAFFC /* Info.plist */,
			);
			path = TipperUITests;
			sourceTree = "<group>";
		};
/* End PBXGroup section */

/* Begin PBXNativeTarget section */
		A79D473324C243A9004FAFFC /* Tipper */ = {
			isa = PBXNativeTarget;
			buildConfigurationList = A79D475E24C243AC004FAFFC /* Build configuration list for PBXNativeTarget "Tipper" */;
			buildPhases = (
				A79D473024C243A9004FAFFC /* Sources */,
				A79D473124C243A9004FAFFC /* Frameworks */,
				A79D473224C243A9004FAFFC /* Resources */,
			);
			buildRules = (
			);
			dependencies = (
			);
			name = Tipper;
			productName = Tipper;
			productReference = A79D473424C243A9004FAFFC /* Tipper.app */;
			productType = "com.apple.product-type.application";
		};
		A79D474924C243AC004FAFFC /* TipperTests */ = {
			isa = PBXNativeTarget;
			buildConfigurationList = A79D476124C243AC004FAFFC /* Build configuration list for PBXNativeTarget "TipperTests" */;
			buildPhases = (
				A79D474624C243AC004FAFFC /* Sources */,
				A79D474724C243AC004FAFFC /* Frameworks */,
				A79D474824C243AC004FAFFC /* Resources */,
			);
			buildRules = (
			);
			dependencies = (
				A79D474C24C243AC004FAFFC /* PBXTargetDependency */,
			);
			name = TipperTests;
			productName = TipperTests;
			productReference = A79D474A24C243AC004FAFFC /* TipperTests.xctest */;
			productType = "com.apple.product-type.bundle.unit-test";
		};
		A79D475424C243AC004FAFFC /* TipperUITests */ = {
			isa = PBXNativeTarget;
			buildConfigurationList = A79D476424C243AC004FAFFC /* Build configuration list for PBXNativeTarget "TipperUITests" */;
			buildPhases = (
				A79D475124C243AC004FAFFC /* Sources */,
				A79D475224C243AC004FAFFC /* Frameworks */,
				A79D475324C243AC004FAFFC /* Resources */,
			);
			buildRules = (
			);
			dependencies = (
				A79D475724C243AC004FAFFC /* PBXTargetDependency */,
			);
			name = TipperUITests;
			productName = TipperUITests;
			productReference = A79D475524C243AC004FAFFC /* TipperUITests.xctest */;
			productType = "com.apple.product-type.bundle.ui-testing";
		};
/* End PBXNativeTarget section */

/* Begin PBXProject section */
		A79D472C24C243A9004FAFFC /* Project object */ = {
			isa = PBXProject;
			attributes = {
				LastSwiftUpdateCheck = 1140;
				LastUpgradeCheck = 1140;
				ORGANIZATIONNAME = "Safiyah Lakhany";
				TargetAttributes = {
					A79D473324C243A9004FAFFC = {
						CreatedOnToolsVersion = 11.4;
					};
					A79D474924C243AC004FAFFC = {
						CreatedOnToolsVersion = 11.4;
						TestTargetID = A79D473324C243A9004FAFFC;
					};
					A79D475424C243AC004FAFFC = {
						CreatedOnToolsVersion = 11.4;
						TestTargetID = A79D473324C243A9004FAFFC;
					};
				};
			};
			buildConfigurationList = A79D472F24C243A9004FAFFC /* Build configuration list for PBXProject "Tipper" */;
			compatibilityVersion = "Xcode 9.3";
			developmentRegion = en;
			hasScannedForEncodings = 0;
			knownRegions = (
				en,
				Base,
			);
			mainGroup = A79D472B24C243A9004FAFFC;
			productRefGroup = A79D473524C243A9004FAFFC /* Products */;
			projectDirPath = "";
			projectRoot = "";
			targets = (
				A79D473324C243A9004FAFFC /* Tipper */,
				A79D474924C243AC004FAFFC /* TipperTests */,
				A79D475424C243AC004FAFFC /* TipperUITests */,
			);
		};
/* End PBXProject section */

/* Begin PBXResourcesBuildPhase section */
		A79D473224C243A9004FAFFC /* Resources */ = {
			isa = PBXResourcesBuildPhase;
			buildActionMask = 2147483647;
			files = (
				A79D474424C243AC004FAFFC /* LaunchScreen.storyboard in Resources */,
				A79D474124C243AC004FAFFC /* Assets.xcassets in Resources */,
				A79D473F24C243A9004FAFFC /* Main.storyboard in Resources */,
			);
			runOnlyForDeploymentPostprocessing = 0;
		};
		A79D474824C243AC004FAFFC /* Resources */ = {
			isa = PBXResourcesBuildPhase;
			buildActionMask = 2147483647;
			files = (
			);
			runOnlyForDeploymentPostprocessing = 0;
		};
		A79D475324C243AC004FAFFC /* Resources */ = {
			isa = PBXResourcesBuildPhase;
			buildActionMask = 2147483647;
			files = (
			);
			runOnlyForDeploymentPostprocessing = 0;
		};
/* End PBXResourcesBuildPhase section */

/* Begin PBXSourcesBuildPhase section */
		A79D473024C243A9004FAFFC /* Sources */ = {
			isa = PBXSourcesBuildPhase;
			buildActionMask = 2147483647;
			files = (
				A79D473C24C243A9004FAFFC /* ViewController.swift in Sources */,
				A79D473824C243A9004FAFFC /* AppDelegate.swift in Sources */,
				A79D473A24C243A9004FAFFC /* SceneDelegate.swift in Sources */,
			);
			runOnlyForDeploymentPostprocessing = 0;
		};
		A79D474624C243AC004FAFFC /* Sources */ = {
			isa = PBXSourcesBuildPhase;
			buildActionMask = 2147483647;
			files = (
				A79D474F24C243AC004FAFFC /* TipperTests.swift in Sources */,
			);
			runOnlyForDeploymentPostprocessing = 0;
		};
		A79D475124C243AC004FAFFC /* Sources */ = {
			isa = PBXSourcesBuildPhase;
			buildActionMask = 2147483647;
			files = (
				A79D475A24C243AC004FAFFC /* TipperUITests.swift in Sources */,
			);
			runOnlyForDeploymentPostprocessing = 0;
		};
/* End PBXSourcesBuildPhase section */

/* Begin PBXTargetDependency section */
		A79D474C24C243AC004FAFFC /* PBXTargetDependency */ = {
			isa = PBXTargetDependency;
			target = A79D473324C243A9004FAFFC /* Tipper */;
			targetProxy = A79D474B24C243AC004FAFFC /* PBXContainerItemProxy */;
		};
		A79D475724C243AC004FAFFC /* PBXTargetDependency */ = {
			isa = PBXTargetDependency;
			target = A79D473324C243A9004FAFFC /* Tipper */;
			targetProxy = A79D475624C243AC004FAFFC /* PBXContainerItemProxy */;
		};
/* End PBXTargetDependency section */

/* Begin PBXVariantGroup section */
		A79D473D24C243A9004FAFFC /* Main.storyboard */ = {
			isa = PBXVariantGroup;
			children = (
				A79D473E24C243A9004FAFFC /* Base */,
			);
			name = Main.storyboard;
			sourceTree = "<group>";
		};
		A79D474224C243AC004FAFFC /* LaunchScreen.storyboard */ = {
			isa = PBXVariantGroup;
			children = (
				A79D474324C243AC004FAFFC /* Base */,
			);
			name = LaunchScreen.storyboard;
			sourceTree = "<group>";
		};
/* End PBXVariantGroup section */

/* Begin XCBuildConfiguration section */
		A79D475C24C243AC004FAFFC /* Debug */ = {
			isa = XCBuildConfiguration;
			buildSettings = {
				ALWAYS_SEARCH_USER_PATHS = NO;
				CLANG_ANALYZER_NONNULL = YES;
				CLANG_ANALYZER_NUMBER_OBJECT_CONVERSION = YES_AGGRESSIVE;
				CLANG_CXX_LANGUAGE_STANDARD = "gnu++14";
				CLANG_CXX_LIBRARY = "libc++";
				CLANG_ENABLE_MODULES = YES;
				CLANG_ENABLE_OBJC_ARC = YES;
				CLANG_ENABLE_OBJC_WEAK = YES;
				CLANG_WARN_BLOCK_CAPTURE_AUTORELEASING = YES;
				CLANG_WARN_BOOL_CONVERSION = YES;
				CLANG_WARN_COMMA = YES;
				CLANG_WARN_CONSTANT_CONVERSION = YES;
				CLANG_WARN_DEPRECATED_OBJC_IMPLEMENTATIONS = YES;
				CLANG_WARN_DIRECT_OBJC_ISA_USAGE = YES_ERROR;
				CLANG_WARN_DOCUMENTATION_COMMENTS = YES;
				CLANG_WARN_EMPTY_BODY = YES;
				CLANG_WARN_ENUM_CONVERSION = YES;
				CLANG_WARN_INFINITE_RECURSION = YES;
				CLANG_WARN_INT_CONVERSION = YES;
				CLANG_WARN_NON_LITERAL_NULL_CONVERSION = YES;
				CLANG_WARN_OBJC_IMPLICIT_RETAIN_SELF = YES;
				CLANG_WARN_OBJC_LITERAL_CONVERSION = YES;
				CLANG_WARN_OBJC_ROOT_CLASS = YES_ERROR;
				CLANG_WARN_RANGE_LOOP_ANALYSIS = YES;
				CLANG_WARN_STRICT_PROTOTYPES = YES;
				CLANG_WARN_SUSPICIOUS_MOVE = YES;
				CLANG_WARN_UNGUARDED_AVAILABILITY = YES_AGGRESSIVE;
				CLANG_WARN_UNREACHABLE_CODE = YES;
				CLANG_WARN__DUPLICATE_METHOD_MATCH = YES;
				COPY_PHASE_STRIP = NO;
				DEBUG_INFORMATION_FORMAT = dwarf;
				ENABLE_STRICT_OBJC_MSGSEND = YES;
				ENABLE_TESTABILITY = YES;
				GCC_C_LANGUAGE_STANDARD = gnu11;
				GCC_DYNAMIC_NO_PIC = NO;
				GCC_NO_COMMON_BLOCKS = YES;
				GCC_OPTIMIZATION_LEVEL = 0;
				GCC_PREPROCESSOR_DEFINITIONS = (
					"DEBUG=1",
					"$(inherited)",
				);
				GCC_WARN_64_TO_32_BIT_CONVERSION = YES;
				GCC_WARN_ABOUT_RETURN_TYPE = YES_ERROR;
				GCC_WARN_UNDECLARED_SELECTOR = YES;
				GCC_WARN_UNINITIALIZED_AUTOS = YES_AGGRESSIVE;
				GCC_WARN_UNUSED_FUNCTION = YES;
				GCC_WARN_UNUSED_VARIABLE = YES;
				IPHONEOS_DEPLOYMENT_TARGET = 13.4;
				MTL_ENABLE_DEBUG_INFO = INCLUDE_SOURCE;
				MTL_FAST_MATH = YES;
				ONLY_ACTIVE_ARCH = YES;
				SDKROOT = iphoneos;
				SWIFT_ACTIVE_COMPILATION_CONDITIONS = DEBUG;
				SWIFT_OPTIMIZATION_LEVEL = "-Onone";
			};
			name = Debug;
		};
		A79D475D24C243AC004FAFFC /* Release */ = {
			isa = XCBuildConfiguration;
			buildSettings = {
				ALWAYS_SEARCH_USER_PATHS = NO;
				CLANG_ANALYZER_NONNULL = YES;
				CLANG_ANALYZER_NUMBER_OBJECT_CONVERSION = YES_AGGRESSIVE;
				CLANG_CXX_LANGUAGE_STANDARD = "gnu++14";
				CLANG_CXX_LIBRARY = "libc++";
				CLANG_ENABLE_MODULES = YES;
				CLANG_ENABLE_OBJC_ARC = YES;
				CLANG_ENABLE_OBJC_WEAK = YES;
				CLANG_WARN_BLOCK_CAPTURE_AUTORELEASING = YES;
				CLANG_WARN_BOOL_CONVERSION = YES;
				CLANG_WARN_COMMA = YES;
				CLANG_WARN_CONSTANT_CONVERSION = YES;
				CLANG_WARN_DEPRECATED_OBJC_IMPLEMENTATIONS = YES;
				CLANG_WARN_DIRECT_OBJC_ISA_USAGE = YES_ERROR;
				CLANG_WARN_DOCUMENTATION_COMMENTS = YES;
				CLANG_WARN_EMPTY_BODY = YES;
				CLANG_WARN_ENUM_CONVERSION = YES;
				CLANG_WARN_INFINITE_RECURSION = YES;
				CLANG_WARN_INT_CONVERSION = YES;
				CLANG_WARN_NON_LITERAL_NULL_CONVERSION = YES;
				CLANG_WARN_OBJC_IMPLICIT_RETAIN_SELF = YES;
				CLANG_WARN_OBJC_LITERAL_CONVERSION = YES;
				CLANG_WARN_OBJC_ROOT_CLASS = YES_ERROR;
				CLANG_WARN_RANGE_LOOP_ANALYSIS = YES;
				CLANG_WARN_STRICT_PROTOTYPES = YES;
				CLANG_WARN_SUSPICIOUS_MOVE = YES;
				CLANG_WARN_UNGUARDED_AVAILABILITY = YES_AGGRESSIVE;
				CLANG_WARN_UNREACHABLE_CODE = YES;
				CLANG_WARN__DUPLICATE_METHOD_MATCH = YES;
				COPY_PHASE_STRIP = NO;
				DEBUG_INFORMATION_FORMAT = "dwarf-with-dsym";
				ENABLE_NS_ASSERTIONS = NO;
				ENABLE_STRICT_OBJC_MSGSEND = YES;
				GCC_C_LANGUAGE_STANDARD = gnu11;
				GCC_NO_COMMON_BLOCKS = YES;
				GCC_WARN_64_TO_32_BIT_CONVERSION = YES;
				GCC_WARN_ABOUT_RETURN_TYPE = YES_ERROR;
				GCC_WARN_UNDECLARED_SELECTOR = YES;
				GCC_WARN_UNINITIALIZED_AUTOS = YES_AGGRESSIVE;
				GCC_WARN_UNUSED_FUNCTION = YES;
				GCC_WARN_UNUSED_VARIABLE = YES;
				IPHONEOS_DEPLOYMENT_TARGET = 13.4;
				MTL_ENABLE_DEBUG_INFO = NO;
				MTL_FAST_MATH = YES;
				SDKROOT = iphoneos;
				SWIFT_COMPILATION_MODE = wholemodule;
				SWIFT_OPTIMIZATION_LEVEL = "-O";
				VALIDATE_PRODUCT = YES;
			};
			name = Release;
		};
		A79D475F24C243AC004FAFFC /* Debug */ = {
			isa = XCBuildConfiguration;
			buildSettings = {
				ASSETCATALOG_COMPILER_APPICON_NAME = AppIcon;
				CODE_SIGN_STYLE = Automatic;
				DEVELOPMENT_TEAM = BM495Y497C;
				INFOPLIST_FILE = Tipper/Info.plist;
				LD_RUNPATH_SEARCH_PATHS = (
					"$(inherited)",
					"@executable_path/Frameworks",
				);
				PRODUCT_BUNDLE_IDENTIFIER = SL.Tipper;
				PRODUCT_NAME = "$(TARGET_NAME)";
				SWIFT_VERSION = 5.0;
				TARGETED_DEVICE_FAMILY = "1,2";
			};
			name = Debug;
		};
		A79D476024C243AC004FAFFC /* Release */ = {
			isa = XCBuildConfiguration;
			buildSettings = {
				ASSETCATALOG_COMPILER_APPICON_NAME = AppIcon;
				CODE_SIGN_STYLE = Automatic;
				DEVELOPMENT_TEAM = BM495Y497C;
				INFOPLIST_FILE = Tipper/Info.plist;
				LD_RUNPATH_SEARCH_PATHS = (
					"$(inherited)",
					"@executable_path/Frameworks",
				);
				PRODUCT_BUNDLE_IDENTIFIER = SL.Tipper;
				PRODUCT_NAME = "$(TARGET_NAME)";
				SWIFT_VERSION = 5.0;
				TARGETED_DEVICE_FAMILY = "1,2";
			};
			name = Release;
		};
		A79D476224C243AC004FAFFC /* Debug */ = {
			isa = XCBuildConfiguration;
			buildSettings = {
				ALWAYS_EMBED_SWIFT_STANDARD_LIBRARIES = YES;
				BUNDLE_LOADER = "$(TEST_HOST)";
				CODE_SIGN_STYLE = Automatic;
				DEVELOPMENT_TEAM = BM495Y497C;
				INFOPLIST_FILE = TipperTests/Info.plist;
				IPHONEOS_DEPLOYMENT_TARGET = 13.4;
				LD_RUNPATH_SEARCH_PATHS = (
					"$(inherited)",
					"@executable_path/Frameworks",
					"@loader_path/Frameworks",
				);
				PRODUCT_BUNDLE_IDENTIFIER = SL.TipperTests;
				PRODUCT_NAME = "$(TARGET_NAME)";
				SWIFT_VERSION = 5.0;
				TARGETED_DEVICE_FAMILY = "1,2";
				TEST_HOST = "$(BUILT_PRODUCTS_DIR)/Tipper.app/Tipper";
			};
			name = Debug;
		};
		A79D476324C243AC004FAFFC /* Release */ = {
			isa = XCBuildConfiguration;
			buildSettings = {
				ALWAYS_EMBED_SWIFT_STANDARD_LIBRARIES = YES;
				BUNDLE_LOADER = "$(TEST_HOST)";
				CODE_SIGN_STYLE = Automatic;
				DEVELOPMENT_TEAM = BM495Y497C;
				INFOPLIST_FILE = TipperTests/Info.plist;
				IPHONEOS_DEPLOYMENT_TARGET = 13.4;
				LD_RUNPATH_SEARCH_PATHS = (
					"$(inherited)",
					"@executable_path/Frameworks",
					"@loader_path/Frameworks",
				);
				PRODUCT_BUNDLE_IDENTIFIER = SL.TipperTests;
				PRODUCT_NAME = "$(TARGET_NAME)";
				SWIFT_VERSION = 5.0;
				TARGETED_DEVICE_FAMILY = "1,2";
				TEST_HOST = "$(BUILT_PRODUCTS_DIR)/Tipper.app/Tipper";
			};
			name = Release;
		};
		A79D476524C243AC004FAFFC /* Debug */ = {
			isa = XCBuildConfiguration;
			buildSettings = {
				ALWAYS_EMBED_SWIFT_STANDARD_LIBRARIES = YES;
				CODE_SIGN_STYLE = Automatic;
				DEVELOPMENT_TEAM = BM495Y497C;
				INFOPLIST_FILE = TipperUITests/Info.plist;
				LD_RUNPATH_SEARCH_PATHS = (
					"$(inherited)",
					"@executable_path/Frameworks",
					"@loader_path/Frameworks",
				);
				PRODUCT_BUNDLE_IDENTIFIER = SL.TipperUITests;
				PRODUCT_NAME = "$(TARGET_NAME)";
				SWIFT_VERSION = 5.0;
				TARGETED_DEVICE_FAMILY = "1,2";
				TEST_TARGET_NAME = Tipper;
			};
			name = Debug;
		};
		A79D476624C243AC004FAFFC /* Release */ = {
			isa = XCBuildConfiguration;
			buildSettings = {
				ALWAYS_EMBED_SWIFT_STANDARD_LIBRARIES = YES;
				CODE_SIGN_STYLE = Automatic;
				DEVELOPMENT_TEAM = BM495Y497C;
				INFOPLIST_FILE = TipperUITests/Info.plist;
				LD_RUNPATH_SEARCH_PATHS = (
					"$(inherited)",
					"@executable_path/Frameworks",
					"@loader_path/Frameworks",
				);
				PRODUCT_BUNDLE_IDENTIFIER = SL.TipperUITests;
				PRODUCT_NAME = "$(TARGET_NAME)";
				SWIFT_VERSION = 5.0;
				TARGETED_DEVICE_FAMILY = "1,2";
				TEST_TARGET_NAME = Tipper;
			};
			name = Release;
		};
/* End XCBuildConfiguration section */

/* Begin XCConfigurationList section */
		A79D472F24C243A9004FAFFC /* Build configuration list for PBXProject "Tipper" */ = {
			isa = XCConfigurationList;
			buildConfigurations = (
				A79D475C24C243AC004FAFFC /* Debug */,
				A79D475D24C243AC004FAFFC /* Release */,
			);
			defaultConfigurationIsVisible = 0;
			defaultConfigurationName = Release;
		};
		A79D475E24C243AC004FAFFC /* Build configuration list for PBXNativeTarget "Tipper" */ = {
			isa = XCConfigurationList;
			buildConfigurations = (
				A79D475F24C243AC004FAFFC /* Debug */,
				A79D476024C243AC004FAFFC /* Release */,
			);
			defaultConfigurationIsVisible = 0;
			defaultConfigurationName = Release;
		};
		A79D476124C243AC004FAFFC /* Build configuration list for PBXNativeTarget "TipperTests" */ = {
			isa = XCConfigurationList;
			buildConfigurations = (
				A79D476224C243AC004FAFFC /* Debug */,
				A79D476324C243AC004FAFFC /* Release */,
			);
			defaultConfigurationIsVisible = 0;
			defaultConfigurationName = Release;
		};
		A79D476424C243AC004FAFFC /* Build configuration list for PBXNativeTarget "TipperUITests" */ = {
			isa = XCConfigurationList;
			buildConfigurations = (
				A79D476524C243AC004FAFFC /* Debug */,
				A79D476624C243AC004FAFFC /* Release */,
			);
			defaultConfigurationIsVisible = 0;
			defaultConfigurationName = Release;
		};
/* End XCConfigurationList section */
	};
	rootObject = A79D472C24C243A9004FAFFC /* Project object */;
}
